
Microsoft Visual Studio Solution File, Format Version 12.00
# Visual Studio Version 17
VisualStudioVersion = 17.5.33516.290
MinimumVisualStudioVersion = 10.0.40219.1
Project("{FAE04EC0-301F-11D3-BF4B-00C04F79EFBC}") = "Konasoft", "Konasoft\Konasoft.csproj", "{47D55A81-93F0-409C-9410-51E6338620F0}"
EndProject
Global
	GlobalSection(SolutionConfigurationPlatforms) = preSolution
		Debug|Any CPU = Debug|Any CPU
		Release|Any CPU = Release|Any CPU
	EndGlobalSection
	GlobalSection(ProjectConfigurationPlatforms) = postSolution
		{47D55A81-93F0-409C-9410-51E6338620F0}.Debug|Any CPU.ActiveCfg = Debug|Any CPU
		{47D55A81-93F0-409C-9410-51E6338620F0}.Debug|Any CPU.Build.0 = Debug|Any CPU
		{47D55A81-93F0-409C-9410-51E6338620F0}.Release|Any CPU.ActiveCfg = Release|Any CPU
		{47D55A81-93F0-409C-9410-51E6338620F0}.Release|Any CPU.Build.0 = Release|Any CPU
	EndGlobalSection
	GlobalSection(SolutionProperties) = preSolution
		HideSolutionNode = FALSE
	EndGlobalSection
	GlobalSection(ExtensibilityGlobals) = postSolution
		SolutionGuid = {616284C2-7DB9-4B7F-8691-4175D8D75F67}
	EndGlobalSection
EndGlobal
